// !$*UTF8*$!
{
	archiveVersion = 1;
	classes = {
	};
	objectVersion = 56;
	objects = {

/* Begin PBXBuildFile section */
		E3A588AB2C8A625B0030DFA6 /* squirtle_assistantApp.swift in Sources */ = {isa = PBXBuildFile; fileRef = E3A588AA2C8A625B0030DFA6 /* squirtle_assistantApp.swift */; };
		E3A588AD2C8A625B0030DFA6 /* ContentView.swift in Sources */ = {isa = PBXBuildFile; fileRef = E3A588AC2C8A625B0030DFA6 /* ContentView.swift */; };
		E3A588AF2C8A625B0030DFA6 /* Item.swift in Sources */ = {isa = PBXBuildFile; fileRef = E3A588AE2C8A625B0030DFA6 /* Item.swift */; };
		E3A588B12C8A625D0030DFA6 /* Assets.xcassets in Resources */ = {isa = PBXBuildFile; fileRef = E3A588B02C8A625D0030DFA6 /* Assets.xcassets */; };
		E3A588B42C8A625D0030DFA6 /* Preview Assets.xcassets in Resources */ = {isa = PBXBuildFile; fileRef = E3A588B32C8A625D0030DFA6 /* Preview Assets.xcassets */; };
		E3A588BE2C8A625D0030DFA6 /* squirtle_assistantTests.swift in Sources */ = {isa = PBXBuildFile; fileRef = E3A588BD2C8A625D0030DFA6 /* squirtle_assistantTests.swift */; };
		E3A588C82C8A625D0030DFA6 /* squirtle_assistantUITests.swift in Sources */ = {isa = PBXBuildFile; fileRef = E3A588C72C8A625D0030DFA6 /* squirtle_assistantUITests.swift */; };
		E3A588CA2C8A625D0030DFA6 /* squirtle_assistantUITestsLaunchTests.swift in Sources */ = {isa = PBXBuildFile; fileRef = E3A588C92C8A625D0030DFA6 /* squirtle_assistantUITestsLaunchTests.swift */; };
/* End PBXBuildFile section */

/* Begin PBXContainerItemProxy section */
		E3A588BA2C8A625D0030DFA6 /* PBXContainerItemProxy */ = {
			isa = PBXContainerItemProxy;
			containerPortal = E3A5889F2C8A625B0030DFA6 /* Project object */;
			proxyType = 1;
			remoteGlobalIDString = E3A588A62C8A625B0030DFA6;
			remoteInfo = "squirtle assistant";
		};
		E3A588C42C8A625D0030DFA6 /* PBXContainerItemProxy */ = {
			isa = PBXContainerItemProxy;
			containerPortal = E3A5889F2C8A625B0030DFA6 /* Project object */;
			proxyType = 1;
			remoteGlobalIDString = E3A588A62C8A625B0030DFA6;
			remoteInfo = "squirtle assistant";
		};
/* End PBXContainerItemProxy section */

/* Begin PBXFileReference section */
		E3A588A72C8A625B0030DFA6 /* squirtle assistant.app */ = {isa = PBXFileReference; explicitFileType = wrapper.application; includeInIndex = 0; path = "squirtle assistant.app"; sourceTree = BUILT_PRODUCTS_DIR; };
		E3A588AA2C8A625B0030DFA6 /* squirtle_assistantApp.swift */ = {isa = PBXFileReference; lastKnownFileType = sourcecode.swift; path = squirtle_assistantApp.swift; sourceTree = "<group>"; };
		E3A588AC2C8A625B0030DFA6 /* ContentView.swift */ = {isa = PBXFileReference; lastKnownFileType = sourcecode.swift; path = ContentView.swift; sourceTree = "<group>"; };
		E3A588AE2C8A625B0030DFA6 /* Item.swift */ = {isa = PBXFileReference; lastKnownFileType = sourcecode.swift; path = Item.swift; sourceTree = "<group>"; };
		E3A588B02C8A625D0030DFA6 /* Assets.xcassets */ = {isa = PBXFileReference; lastKnownFileType = folder.assetcatalog; path = Assets.xcassets; sourceTree = "<group>"; };
		E3A588B32C8A625D0030DFA6 /* Preview Assets.xcassets */ = {isa = PBXFileReference; lastKnownFileType = folder.assetcatalog; path = "Preview Assets.xcassets"; sourceTree = "<group>"; };
		E3A588B92C8A625D0030DFA6 /* squirtle assistantTests.xctest */ = {isa = PBXFileReference; explicitFileType = wrapper.cfbundle; includeInIndex = 0; path = "squirtle assistantTests.xctest"; sourceTree = BUILT_PRODUCTS_DIR; };
		E3A588BD2C8A625D0030DFA6 /* squirtle_assistantTests.swift */ = {isa = PBXFileReference; lastKnownFileType = sourcecode.swift; path = squirtle_assistantTests.swift; sourceTree = "<group>"; };
		E3A588C32C8A625D0030DFA6 /* squirtle assistantUITests.xctest */ = {isa = PBXFileReference; explicitFileType = wrapper.cfbundle; includeInIndex = 0; path = "squirtle assistantUITests.xctest"; sourceTree = BUILT_PRODUCTS_DIR; };
		E3A588C72C8A625D0030DFA6 /* squirtle_assistantUITests.swift */ = {isa = PBXFileReference; lastKnownFileType = sourcecode.swift; path = squirtle_assistantUITests.swift; sourceTree = "<group>"; };
		E3A588C92C8A625D0030DFA6 /* squirtle_assistantUITestsLaunchTests.swift */ = {isa = PBXFileReference; lastKnownFileType = sourcecode.swift; path = squirtle_assistantUITestsLaunchTests.swift; sourceTree = "<group>"; };
/* End PBXFileReference section */

/* Begin PBXFrameworksBuildPhase section */
		E3A588A42C8A625B0030DFA6 /* Frameworks */ = {
			isa = PBXFrameworksBuildPhase;
			buildActionMask = 2147483647;
			files = (
			);
			runOnlyForDeploymentPostprocessing = 0;
		};
		E3A588B62C8A625D0030DFA6 /* Frameworks */ = {
			isa = PBXFrameworksBuildPhase;
			buildActionMask = 2147483647;
			files = (
			);
			runOnlyForDeploymentPostprocessing = 0;
		};
		E3A588C02C8A625D0030DFA6 /* Frameworks */ = {
			isa = PBXFrameworksBuildPhase;
			buildActionMask = 2147483647;
			files = (
			);
			runOnlyForDeploymentPostprocessing = 0;
		};
/* End PBXFrameworksBuildPhase section */

/* Begin PBXGroup section */
		E3A5889E2C8A625B0030DFA6 = {
			isa = PBXGroup;
			children = (
				E3A588A92C8A625B0030DFA6 /* squirtle assistant */,
				E3A588BC2C8A625D0030DFA6 /* squirtle assistantTests */,
				E3A588C62C8A625D0030DFA6 /* squirtle assistantUITests */,
				E3A588A82C8A625B0030DFA6 /* Products */,
			);
			sourceTree = "<group>";
		};
		E3A588A82C8A625B0030DFA6 /* Products */ = {
			isa = PBXGroup;
			children = (
				E3A588A72C8A625B0030DFA6 /* squirtle assistant.app */,
				E3A588B92C8A625D0030DFA6 /* squirtle assistantTests.xctest */,
				E3A588C32C8A625D0030DFA6 /* squirtle assistantUITests.xctest */,
			);
			name = Products;
			sourceTree = "<group>";
		};
		E3A588A92C8A625B0030DFA6 /* squirtle assistant */ = {
			isa = PBXGroup;
			children = (
				E3A588AA2C8A625B0030DFA6 /* squirtle_assistantApp.swift */,
				E3A588AC2C8A625B0030DFA6 /* ContentView.swift */,
				E3A588AE2C8A625B0030DFA6 /* Item.swift */,
				E3A588B02C8A625D0030DFA6 /* Assets.xcassets */,
				E3A588B22C8A625D0030DFA6 /* Preview Content */,
			);
			path = "squirtle assistant";
			sourceTree = "<group>";
		};
		E3A588B22C8A625D0030DFA6 /* Preview Content */ = {
			isa = PBXGroup;
			children = (
				E3A588B32C8A625D0030DFA6 /* Preview Assets.xcassets */,
			);
			path = "Preview Content";
			sourceTree = "<group>";
		};
		E3A588BC2C8A625D0030DFA6 /* squirtle assistantTests */ = {
			isa = PBXGroup;
			children = (
				E3A588BD2C8A625D0030DFA6 /* squirtle_assistantTests.swift */,
			);
			path = "squirtle assistantTests";
			sourceTree = "<group>";
		};
		E3A588C62C8A625D0030DFA6 /* squirtle assistantUITests */ = {
			isa = PBXGroup;
			children = (
				E3A588C72C8A625D0030DFA6 /* squirtle_assistantUITests.swift */,
				E3A588C92C8A625D0030DFA6 /* squirtle_assistantUITestsLaunchTests.swift */,
			);
			path = "squirtle assistantUITests";
			sourceTree = "<group>";
		};
/* End PBXGroup section */

/* Begin PBXNativeTarget section */
		E3A588A62C8A625B0030DFA6 /* squirtle assistant */ = {
			isa = PBXNativeTarget;
			buildConfigurationList = E3A588CD2C8A625D0030DFA6 /* Build configuration list for PBXNativeTarget "squirtle assistant" */;
			buildPhases = (
				E3A588A32C8A625B0030DFA6 /* Sources */,
				E3A588A42C8A625B0030DFA6 /* Frameworks */,
				E3A588A52C8A625B0030DFA6 /* Resources */,
			);
			buildRules = (
			);
			dependencies = (
			);
			name = "squirtle assistant";
			productName = "squirtle assistant";
			productReference = E3A588A72C8A625B0030DFA6 /* squirtle assistant.app */;
			productType = "com.apple.product-type.application";
		};
		E3A588B82C8A625D0030DFA6 /* squirtle assistantTests */ = {
			isa = PBXNativeTarget;
			buildConfigurationList = E3A588D02C8A625D0030DFA6 /* Build configuration list for PBXNativeTarget "squirtle assistantTests" */;
			buildPhases = (
				E3A588B52C8A625D0030DFA6 /* Sources */,
				E3A588B62C8A625D0030DFA6 /* Frameworks */,
				E3A588B72C8A625D0030DFA6 /* Resources */,
			);
			buildRules = (
			);
			dependencies = (
				E3A588BB2C8A625D0030DFA6 /* PBXTargetDependency */,
			);
			name = "squirtle assistantTests";
			productName = "squirtle assistantTests";
			productReference = E3A588B92C8A625D0030DFA6 /* squirtle assistantTests.xctest */;
			productType = "com.apple.product-type.bundle.unit-test";
		};
		E3A588C22C8A625D0030DFA6 /* squirtle assistantUITests */ = {
			isa = PBXNativeTarget;
			buildConfigurationList = E3A588D32C8A625D0030DFA6 /* Build configuration list for PBXNativeTarget "squirtle assistantUITests" */;
			buildPhases = (
				E3A588BF2C8A625D0030DFA6 /* Sources */,
				E3A588C02C8A625D0030DFA6 /* Frameworks */,
				E3A588C12C8A625D0030DFA6 /* Resources */,
			);
			buildRules = (
			);
			dependencies = (
				E3A588C52C8A625D0030DFA6 /* PBXTargetDependency */,
			);
			name = "squirtle assistantUITests";
			productName = "squirtle assistantUITests";
			productReference = E3A588C32C8A625D0030DFA6 /* squirtle assistantUITests.xctest */;
			productType = "com.apple.product-type.bundle.ui-testing";
		};
/* End PBXNativeTarget section */

/* Begin PBXProject section */
		E3A5889F2C8A625B0030DFA6 /* Project object */ = {
			isa = PBXProject;
			attributes = {
				BuildIndependentTargetsInParallel = 1;
				LastSwiftUpdateCheck = 1540;
				LastUpgradeCheck = 1540;
				TargetAttributes = {
					E3A588A62C8A625B0030DFA6 = {
						CreatedOnToolsVersion = 15.4;
					};
					E3A588B82C8A625D0030DFA6 = {
						CreatedOnToolsVersion = 15.4;
						TestTargetID = E3A588A62C8A625B0030DFA6;
					};
					E3A588C22C8A625D0030DFA6 = {
						CreatedOnToolsVersion = 15.4;
						TestTargetID = E3A588A62C8A625B0030DFA6;
					};
				};
			};
			buildConfigurationList = E3A588A22C8A625B0030DFA6 /* Build configuration list for PBXProject "squirtle assistant" */;
			compatibilityVersion = "Xcode 14.0";
			developmentRegion = en;
			hasScannedForEncodings = 0;
			knownRegions = (
				en,
				Base,
			);
			mainGroup = E3A5889E2C8A625B0030DFA6;
			productRefGroup = E3A588A82C8A625B0030DFA6 /* Products */;
			projectDirPath = "";
			projectRoot = "";
			targets = (
				E3A588A62C8A625B0030DFA6 /* squirtle assistant */,
				E3A588B82C8A625D0030DFA6 /* squirtle assistantTests */,
				E3A588C22C8A625D0030DFA6 /* squirtle assistantUITests */,
			);
		};
/* End PBXProject section */

/* Begin PBXResourcesBuildPhase section */
		E3A588A52C8A625B0030DFA6 /* Resources */ = {
			isa = PBXResourcesBuildPhase;
			buildActionMask = 2147483647;
			files = (
				E3A588B42C8A625D0030DFA6 /* Preview Assets.xcassets in Resources */,
				E3A588B12C8A625D0030DFA6 /* Assets.xcassets in Resources */,
			);
			runOnlyForDeploymentPostprocessing = 0;
		};
		E3A588B72C8A625D0030DFA6 /* Resources */ = {
			isa = PBXResourcesBuildPhase;
			buildActionMask = 2147483647;
			files = (
			);
			runOnlyForDeploymentPostprocessing = 0;
		};
		E3A588C12C8A625D0030DFA6 /* Resources */ = {
			isa = PBXResourcesBuildPhase;
			buildActionMask = 2147483647;
			files = (
			);
			runOnlyForDeploymentPostprocessing = 0;
		};
/* End PBXResourcesBuildPhase section */

/* Begin PBXSourcesBuildPhase section */
		E3A588A32C8A625B0030DFA6 /* Sources */ = {
			isa = PBXSourcesBuildPhase;
			buildActionMask = 2147483647;
			files = (
				E3A588AD2C8A625B0030DFA6 /* ContentView.swift in Sources */,
				E3A588AF2C8A625B0030DFA6 /* Item.swift in Sources */,
				E3A588AB2C8A625B0030DFA6 /* squirtle_assistantApp.swift in Sources */,
			);
			runOnlyForDeploymentPostprocessing = 0;
		};
		E3A588B52C8A625D0030DFA6 /* Sources */ = {
			isa = PBXSourcesBuildPhase;
			buildActionMask = 2147483647;
			files = (
				E3A588BE2C8A625D0030DFA6 /* squirtle_assistantTests.swift in Sources */,
			);
			runOnlyForDeploymentPostprocessing = 0;
		};
		E3A588BF2C8A625D0030DFA6 /* Sources */ = {
			isa = PBXSourcesBuildPhase;
			buildActionMask = 2147483647;
			files = (
				E3A588CA2C8A625D0030DFA6 /* squirtle_assistantUITestsLaunchTests.swift in Sources */,
				E3A588C82C8A625D0030DFA6 /* squirtle_assistantUITests.swift in Sources */,
			);
			runOnlyForDeploymentPostprocessing = 0;
		};
/* End PBXSourcesBuildPhase section */

/* Begin PBXTargetDependency section */
		E3A588BB2C8A625D0030DFA6 /* PBXTargetDependency */ = {
			isa = PBXTargetDependency;
			target = E3A588A62C8A625B0030DFA6 /* squirtle assistant */;
			targetProxy = E3A588BA2C8A625D0030DFA6 /* PBXContainerItemProxy */;
		};
		E3A588C52C8A625D0030DFA6 /* PBXTargetDependency */ = {
			isa = PBXTargetDependency;
			target = E3A588A62C8A625B0030DFA6 /* squirtle assistant */;
			targetProxy = E3A588C42C8A625D0030DFA6 /* PBXContainerItemProxy */;
		};
/* End PBXTargetDependency section */

/* Begin XCBuildConfiguration section */
		E3A588CB2C8A625D0030DFA6 /* Debug */ = {
			isa = XCBuildConfiguration;
			buildSettings = {
				ALWAYS_SEARCH_USER_PATHS = NO;
				ASSETCATALOG_COMPILER_GENERATE_SWIFT_ASSET_SYMBOL_EXTENSIONS = YES;
				CLANG_ANALYZER_NONNULL = YES;
				CLANG_ANALYZER_NUMBER_OBJECT_CONVERSION = YES_AGGRESSIVE;
				CLANG_CXX_LANGUAGE_STANDARD = "gnu++20";
				CLANG_ENABLE_MODULES = YES;
				CLANG_ENABLE_OBJC_ARC = YES;
				CLANG_ENABLE_OBJC_WEAK = YES;
				CLANG_WARN_BLOCK_CAPTURE_AUTORELEASING = YES;
				CLANG_WARN_BOOL_CONVERSION = YES;
				CLANG_WARN_COMMA = YES;
				CLANG_WARN_CONSTANT_CONVERSION = YES;
				CLANG_WARN_DEPRECATED_OBJC_IMPLEMENTATIONS = YES;
				CLANG_WARN_DIRECT_OBJC_ISA_USAGE = YES_ERROR;
				CLANG_WARN_DOCUMENTATION_COMMENTS = YES;
				CLANG_WARN_EMPTY_BODY = YES;
				CLANG_WARN_ENUM_CONVERSION = YES;
				CLANG_WARN_INFINITE_RECURSION = YES;
				CLANG_WARN_INT_CONVERSION = YES;
				CLANG_WARN_NON_LITERAL_NULL_CONVERSION = YES;
				CLANG_WARN_OBJC_IMPLICIT_RETAIN_SELF = YES;
				CLANG_WARN_OBJC_LITERAL_CONVERSION = YES;
				CLANG_WARN_OBJC_ROOT_CLASS = YES_ERROR;
				CLANG_WARN_QUOTED_INCLUDE_IN_FRAMEWORK_HEADER = YES;
				CLANG_WARN_RANGE_LOOP_ANALYSIS = YES;
				CLANG_WARN_STRICT_PROTOTYPES = YES;
				CLANG_WARN_SUSPICIOUS_MOVE = YES;
				CLANG_WARN_UNGUARDED_AVAILABILITY = YES_AGGRESSIVE;
				CLANG_WARN_UNREACHABLE_CODE = YES;
				CLANG_WARN__DUPLICATE_METHOD_MATCH = YES;
				COPY_PHASE_STRIP = NO;
				DEBUG_INFORMATION_FORMAT = dwarf;
				ENABLE_STRICT_OBJC_MSGSEND = YES;
				ENABLE_TESTABILITY = YES;
				ENABLE_USER_SCRIPT_SANDBOXING = YES;
				GCC_C_LANGUAGE_STANDARD = gnu17;
				GCC_DYNAMIC_NO_PIC = NO;
				GCC_NO_COMMON_BLOCKS = YES;
				GCC_OPTIMIZATION_LEVEL = 0;
				GCC_PREPROCESSOR_DEFINITIONS = (
					"DEBUG=1",
					"$(inherited)",
				);
				GCC_WARN_64_TO_32_BIT_CONVERSION = YES;
				GCC_WARN_ABOUT_RETURN_TYPE = YES_ERROR;
				GCC_WARN_UNDECLARED_SELECTOR = YES;
				GCC_WARN_UNINITIALIZED_AUTOS = YES_AGGRESSIVE;
				GCC_WARN_UNUSED_FUNCTION = YES;
				GCC_WARN_UNUSED_VARIABLE = YES;
				IPHONEOS_DEPLOYMENT_TARGET = 17.5;
				LOCALIZATION_PREFERS_STRING_CATALOGS = YES;
				MTL_ENABLE_DEBUG_INFO = INCLUDE_SOURCE;
				MTL_FAST_MATH = YES;
				ONLY_ACTIVE_ARCH = YES;
				SDKROOT = iphoneos;
				SWIFT_ACTIVE_COMPILATION_CONDITIONS = "DEBUG $(inherited)";
				SWIFT_OPTIMIZATION_LEVEL = "-Onone";
			};
			name = Debug;
		};
		E3A588CC2C8A625D0030DFA6 /* Release */ = {
			isa = XCBuildConfiguration;
			buildSettings = {
				ALWAYS_SEARCH_USER_PATHS = NO;
				ASSETCATALOG_COMPILER_GENERATE_SWIFT_ASSET_SYMBOL_EXTENSIONS = YES;
				CLANG_ANALYZER_NONNULL = YES;
				CLANG_ANALYZER_NUMBER_OBJECT_CONVERSION = YES_AGGRESSIVE;
				CLANG_CXX_LANGUAGE_STANDARD = "gnu++20";
				CLANG_ENABLE_MODULES = YES;
				CLANG_ENABLE_OBJC_ARC = YES;
				CLANG_ENABLE_OBJC_WEAK = YES;
				CLANG_WARN_BLOCK_CAPTURE_AUTORELEASING = YES;
				CLANG_WARN_BOOL_CONVERSION = YES;
				CLANG_WARN_COMMA = YES;
				CLANG_WARN_CONSTANT_CONVERSION = YES;
				CLANG_WARN_DEPRECATED_OBJC_IMPLEMENTATIONS = YES;
				CLANG_WARN_DIRECT_OBJC_ISA_USAGE = YES_ERROR;
				CLANG_WARN_DOCUMENTATION_COMMENTS = YES;
				CLANG_WARN_EMPTY_BODY = YES;
				CLANG_WARN_ENUM_CONVERSION = YES;
				CLANG_WARN_INFINITE_RECURSION = YES;
				CLANG_WARN_INT_CONVERSION = YES;
				CLANG_WARN_NON_LITERAL_NULL_CONVERSION = YES;
				CLANG_WARN_OBJC_IMPLICIT_RETAIN_SELF = YES;
				CLANG_WARN_OBJC_LITERAL_CONVERSION = YES;
				CLANG_WARN_OBJC_ROOT_CLASS = YES_ERROR;
				CLANG_WARN_QUOTED_INCLUDE_IN_FRAMEWORK_HEADER = YES;
				CLANG_WARN_RANGE_LOOP_ANALYSIS = YES;
				CLANG_WARN_STRICT_PROTOTYPES = YES;
				CLANG_WARN_SUSPICIOUS_MOVE = YES;
				CLANG_WARN_UNGUARDED_AVAILABILITY = YES_AGGRESSIVE;
				CLANG_WARN_UNREACHABLE_CODE = YES;
				CLANG_WARN__DUPLICATE_METHOD_MATCH = YES;
				COPY_PHASE_STRIP = NO;
				DEBUG_INFORMATION_FORMAT = "dwarf-with-dsym";
				ENABLE_NS_ASSERTIONS = NO;
				ENABLE_STRICT_OBJC_MSGSEND = YES;
				ENABLE_USER_SCRIPT_SANDBOXING = YES;
				GCC_C_LANGUAGE_STANDARD = gnu17;
				GCC_NO_COMMON_BLOCKS = YES;
				GCC_WARN_64_TO_32_BIT_CONVERSION = YES;
				GCC_WARN_ABOUT_RETURN_TYPE = YES_ERROR;
				GCC_WARN_UNDECLARED_SELECTOR = YES;
				GCC_WARN_UNINITIALIZED_AUTOS = YES_AGGRESSIVE;
				GCC_WARN_UNUSED_FUNCTION = YES;
				GCC_WARN_UNUSED_VARIABLE = YES;
				IPHONEOS_DEPLOYMENT_TARGET = 17.5;
				LOCALIZATION_PREFERS_STRING_CATALOGS = YES;
				MTL_ENABLE_DEBUG_INFO = NO;
				MTL_FAST_MATH = YES;
				SDKROOT = iphoneos;
				SWIFT_COMPILATION_MODE = wholemodule;
				VALIDATE_PRODUCT = YES;
			};
			name = Release;
		};
		E3A588CE2C8A625D0030DFA6 /* Debug */ = {
			isa = XCBuildConfiguration;
			buildSettings = {
				ASSETCATALOG_COMPILER_APPICON_NAME = AppIcon;
				ASSETCATALOG_COMPILER_GLOBAL_ACCENT_COLOR_NAME = AccentColor;
				CODE_SIGN_STYLE = Automatic;
				CURRENT_PROJECT_VERSION = 1;
				DEVELOPMENT_ASSET_PATHS = "\"squirtle assistant/Preview Content\"";
				DEVELOPMENT_TEAM = 3K35YLS7FV;
				ENABLE_PREVIEWS = YES;
				GENERATE_INFOPLIST_FILE = YES;
				INFOPLIST_KEY_UIApplicationSceneManifest_Generation = YES;
				INFOPLIST_KEY_UIApplicationSupportsIndirectInputEvents = YES;
				INFOPLIST_KEY_UILaunchScreen_Generation = YES;
				INFOPLIST_KEY_UISupportedInterfaceOrientations_iPad = "UIInterfaceOrientationPortrait UIInterfaceOrientationPortraitUpsideDown UIInterfaceOrientationLandscapeLeft UIInterfaceOrientationLandscapeRight";
				INFOPLIST_KEY_UISupportedInterfaceOrientations_iPhone = "UIInterfaceOrientationPortrait UIInterfaceOrientationLandscapeLeft UIInterfaceOrientationLandscapeRight";
				LD_RUNPATH_SEARCH_PATHS = (
					"$(inherited)",
					"@executable_path/Frameworks",
				);
				MARKETING_VERSION = 1.0;
				PRODUCT_BUNDLE_IDENTIFIER = "com.kngdm.squirtle-assistant";
				PRODUCT_NAME = "$(TARGET_NAME)";
				SWIFT_EMIT_LOC_STRINGS = YES;
				SWIFT_VERSION = 5.0;
				TARGETED_DEVICE_FAMILY = "1,2";
			};
			name = Debug;
		};
		E3A588CF2C8A625D0030DFA6 /* Release */ = {
			isa = XCBuildConfiguration;
			buildSettings = {
				ASSETCATALOG_COMPILER_APPICON_NAME = AppIcon;
				ASSETCATALOG_COMPILER_GLOBAL_ACCENT_COLOR_NAME = AccentColor;
				CODE_SIGN_STYLE = Automatic;
				CURRENT_PROJECT_VERSION = 1;
				DEVELOPMENT_ASSET_PATHS = "\"squirtle assistant/Preview Content\"";
				DEVELOPMENT_TEAM = 3K35YLS7FV;
				ENABLE_PREVIEWS = YES;
				GENERATE_INFOPLIST_FILE = YES;
				INFOPLIST_KEY_UIApplicationSceneManifest_Generation = YES;
				INFOPLIST_KEY_UIApplicationSupportsIndirectInputEvents = YES;
				INFOPLIST_KEY_UILaunchScreen_Generation = YES;
				INFOPLIST_KEY_UISupportedInterfaceOrientations_iPad = "UIInterfaceOrientationPortrait UIInterfaceOrientationPortraitUpsideDown UIInterfaceOrientationLandscapeLeft UIInterfaceOrientationLandscapeRight";
				INFOPLIST_KEY_UISupportedInterfaceOrientations_iPhone = "UIInterfaceOrientationPortrait UIInterfaceOrientationLandscapeLeft UIInterfaceOrientationLandscapeRight";
				LD_RUNPATH_SEARCH_PATHS = (
					"$(inherited)",
					"@executable_path/Frameworks",
				);
				MARKETING_VERSION = 1.0;
				PRODUCT_BUNDLE_IDENTIFIER = "com.kngdm.squirtle-assistant";
				PRODUCT_NAME = "$(TARGET_NAME)";
				SWIFT_EMIT_LOC_STRINGS = YES;
				SWIFT_VERSION = 5.0;
				TARGETED_DEVICE_FAMILY = "1,2";
			};
			name = Release;
		};
		E3A588D12C8A625D0030DFA6 /* Debug */ = {
			isa = XCBuildConfiguration;
			buildSettings = {
				ALWAYS_EMBED_SWIFT_STANDARD_LIBRARIES = YES;
				BUNDLE_LOADER = "$(TEST_HOST)";
				CODE_SIGN_STYLE = Automatic;
				CURRENT_PROJECT_VERSION = 1;
				DEVELOPMENT_TEAM = 3K35YLS7FV;
				GENERATE_INFOPLIST_FILE = YES;
				IPHONEOS_DEPLOYMENT_TARGET = 17.5;
				MARKETING_VERSION = 1.0;
				PRODUCT_BUNDLE_IDENTIFIER = "com.kngdm.squirtle-assistantTests";
				PRODUCT_NAME = "$(TARGET_NAME)";
				SWIFT_EMIT_LOC_STRINGS = NO;
				SWIFT_VERSION = 5.0;
				TARGETED_DEVICE_FAMILY = "1,2";
				TEST_HOST = "$(BUILT_PRODUCTS_DIR)/squirtle assistant.app/$(BUNDLE_EXECUTABLE_FOLDER_PATH)/squirtle assistant";
			};
			name = Debug;
		};
		E3A588D22C8A625D0030DFA6 /* Release */ = {
			isa = XCBuildConfiguration;
			buildSettings = {
				ALWAYS_EMBED_SWIFT_STANDARD_LIBRARIES = YES;
				BUNDLE_LOADER = "$(TEST_HOST)";
				CODE_SIGN_STYLE = Automatic;
				CURRENT_PROJECT_VERSION = 1;
				DEVELOPMENT_TEAM = 3K35YLS7FV;
				GENERATE_INFOPLIST_FILE = YES;
				IPHONEOS_DEPLOYMENT_TARGET = 17.5;
				MARKETING_VERSION = 1.0;
				PRODUCT_BUNDLE_IDENTIFIER = "com.kngdm.squirtle-assistantTests";
				PRODUCT_NAME = "$(TARGET_NAME)";
				SWIFT_EMIT_LOC_STRINGS = NO;
				SWIFT_VERSION = 5.0;
				TARGETED_DEVICE_FAMILY = "1,2";
				TEST_HOST = "$(BUILT_PRODUCTS_DIR)/squirtle assistant.app/$(BUNDLE_EXECUTABLE_FOLDER_PATH)/squirtle assistant";
			};
			name = Release;
		};
		E3A588D42C8A625D0030DFA6 /* Debug */ = {
			isa = XCBuildConfiguration;
			buildSettings = {
				ALWAYS_EMBED_SWIFT_STANDARD_LIBRARIES = YES;
				CODE_SIGN_STYLE = Automatic;
				CURRENT_PROJECT_VERSION = 1;
				DEVELOPMENT_TEAM = 3K35YLS7FV;
				GENERATE_INFOPLIST_FILE = YES;
				MARKETING_VERSION = 1.0;
				PRODUCT_BUNDLE_IDENTIFIER = "com.kngdm.squirtle-assistantUITests";
				PRODUCT_NAME = "$(TARGET_NAME)";
				SWIFT_EMIT_LOC_STRINGS = NO;
				SWIFT_VERSION = 5.0;
				TARGETED_DEVICE_FAMILY = "1,2";
				TEST_TARGET_NAME = "squirtle assistant";
			};
			name = Debug;
		};
		E3A588D52C8A625D0030DFA6 /* Release */ = {
			isa = XCBuildConfiguration;
			buildSettings = {
				ALWAYS_EMBED_SWIFT_STANDARD_LIBRARIES = YES;
				CODE_SIGN_STYLE = Automatic;
				CURRENT_PROJECT_VERSION = 1;
				DEVELOPMENT_TEAM = 3K35YLS7FV;
				GENERATE_INFOPLIST_FILE = YES;
				MARKETING_VERSION = 1.0;
				PRODUCT_BUNDLE_IDENTIFIER = "com.kngdm.squirtle-assistantUITests";
				PRODUCT_NAME = "$(TARGET_NAME)";
				SWIFT_EMIT_LOC_STRINGS = NO;
				SWIFT_VERSION = 5.0;
				TARGETED_DEVICE_FAMILY = "1,2";
				TEST_TARGET_NAME = "squirtle assistant";
			};
			name = Release;
		};
/* End XCBuildConfiguration section */

/* Begin XCConfigurationList section */
		E3A588A22C8A625B0030DFA6 /* Build configuration list for PBXProject "squirtle assistant" */ = {
			isa = XCConfigurationList;
			buildConfigurations = (
				E3A588CB2C8A625D0030DFA6 /* Debug */,
				E3A588CC2C8A625D0030DFA6 /* Release */,
			);
			defaultConfigurationIsVisible = 0;
			defaultConfigurationName = Release;
		};
		E3A588CD2C8A625D0030DFA6 /* Build configuration list for PBXNativeTarget "squirtle assistant" */ = {
			isa = XCConfigurationList;
			buildConfigurations = (
				E3A588CE2C8A625D0030DFA6 /* Debug */,
				E3A588CF2C8A625D0030DFA6 /* Release */,
			);
			defaultConfigurationIsVisible = 0;
			defaultConfigurationName = Release;
		};
		E3A588D02C8A625D0030DFA6 /* Build configuration list for PBXNativeTarget "squirtle assistantTests" */ = {
			isa = XCConfigurationList;
			buildConfigurations = (
				E3A588D12C8A625D0030DFA6 /* Debug */,
				E3A588D22C8A625D0030DFA6 /* Release */,
			);
			defaultConfigurationIsVisible = 0;
			defaultConfigurationName = Release;
		};
		E3A588D32C8A625D0030DFA6 /* Build configuration list for PBXNativeTarget "squirtle assistantUITests" */ = {
			isa = XCConfigurationList;
			buildConfigurations = (
				E3A588D42C8A625D0030DFA6 /* Debug */,
				E3A588D52C8A625D0030DFA6 /* Release */,
			);
			defaultConfigurationIsVisible = 0;
			defaultConfigurationName = Release;
		};
/* End XCConfigurationList section */
	};
	rootObject = E3A5889F2C8A625B0030DFA6 /* Project object */;
}
